
Microsoft Visual Studio Solution File, Format Version 12.00
# Visual Studio Version 17
VisualStudioVersion = 17.3.32901.215
MinimumVisualStudioVersion = 10.0.40219.1
Project("{F184B08F-C81C-45F6-A57F-5ABD9991F28F}") = "index", "index\index.vbproj", "{B94187F7-1187-4821-9FE1-68D51CA5B0BA}"
EndProject
Global
	GlobalSection(SolutionConfigurationPlatforms) = preSolution
		Debug|Any CPU = Debug|Any CPU
		Release|Any CPU = Release|Any CPU
	EndGlobalSection
	GlobalSection(ProjectConfigurationPlatforms) = postSolution
		{B94187F7-1187-4821-9FE1-68D51CA5B0BA}.Debug|Any CPU.ActiveCfg = Debug|Any CPU
		{B94187F7-1187-4821-9FE1-68D51CA5B0BA}.Debug|Any CPU.Build.0 = Debug|Any CPU
		{B94187F7-1187-4821-9FE1-68D51CA5B0BA}.Release|Any CPU.ActiveCfg = Release|Any CPU
		{B94187F7-1187-4821-9FE1-68D51CA5B0BA}.Release|Any CPU.Build.0 = Release|Any CPU
	EndGlobalSection
	GlobalSection(SolutionProperties) = preSolution
		HideSolutionNode = FALSE
	EndGlobalSection
	GlobalSection(ExtensibilityGlobals) = postSolution
		SolutionGuid = {0938B014-75FD-4FBE-88D6-B485420C9E7D}
	EndGlobalSection
EndGlobal
